
Microsoft Visual Studio Solution File, Format Version 12.00
# Visual Studio 15
VisualStudioVersion = 15.0.27130.2027
MinimumVisualStudioVersion = 10.0.40219.1
Project("{FAE04EC0-301F-11D3-BF4B-00C04F79EFBC}") = "GetIssueDetails", "GetIssueDetails\GetIssueDetails.csproj", "{98E3A8E4-94B1-4BF0-B62C-ED7685CB3838}"
EndProject
Project("{2150E333-8FDC-42A3-9474-1A3956D46DE8}") = "posh", "posh", "{7B939674-B963-48ED-B8E8-EC400BE4AED7}"
	ProjectSection(SolutionItems) = preProject
		Posh\find issues.ps1 = Posh\find issues.ps1
		Posh\issuelist.css = Posh\issuelist.css
		Posh\issueList.js = Posh\issueList.js
		Posh\ScrapeAndReportDevComm.ps1 = Posh\ScrapeAndReportDevComm.ps1
	EndProjectSection
EndProject
Global
	GlobalSection(SolutionConfigurationPlatforms) = preSolution
		Debug|Any CPU = Debug|Any CPU
		Release|Any CPU = Release|Any CPU
	EndGlobalSection
	GlobalSection(ProjectConfigurationPlatforms) = postSolution
		{98E3A8E4-94B1-4BF0-B62C-ED7685CB3838}.Debug|Any CPU.ActiveCfg = Debug|Any CPU
		{98E3A8E4-94B1-4BF0-B62C-ED7685CB3838}.Debug|Any CPU.Build.0 = Debug|Any CPU
		{98E3A8E4-94B1-4BF0-B62C-ED7685CB3838}.Release|Any CPU.ActiveCfg = Release|Any CPU
		{98E3A8E4-94B1-4BF0-B62C-ED7685CB3838}.Release|Any CPU.Build.0 = Release|Any CPU
	EndGlobalSection
	GlobalSection(SolutionProperties) = preSolution
		HideSolutionNode = FALSE
	EndGlobalSection
	GlobalSection(ExtensibilityGlobals) = postSolution
		SolutionGuid = {C638D9B2-E63F-4031-8697-EAC3CC4AAAFB}
	EndGlobalSection
EndGlobal
